
Microsoft Visual Studio Solution File, Format Version 12.00
# Visual Studio Version 17
VisualStudioVersion = 17.7.34031.279
MinimumVisualStudioVersion = 10.0.40219.1
Project("{FAE04EC0-301F-11D3-BF4B-00C04F79EFBC}") = "ClaseBasica.ContactsForms", "ClaseBasica.ContactsForms\ClaseBasica.ContactsForms.csproj", "{1755A6DF-62A1-42CA-9F97-E142E4E7EFE3}"
EndProject
Global
	GlobalSection(SolutionConfigurationPlatforms) = preSolution
		Debug|Any CPU = Debug|Any CPU
		Release|Any CPU = Release|Any CPU
	EndGlobalSection
	GlobalSection(ProjectConfigurationPlatforms) = postSolution
		{1755A6DF-62A1-42CA-9F97-E142E4E7EFE3}.Debug|Any CPU.ActiveCfg = Debug|Any CPU
		{1755A6DF-62A1-42CA-9F97-E142E4E7EFE3}.Debug|Any CPU.Build.0 = Debug|Any CPU
		{1755A6DF-62A1-42CA-9F97-E142E4E7EFE3}.Release|Any CPU.ActiveCfg = Release|Any CPU
		{1755A6DF-62A1-42CA-9F97-E142E4E7EFE3}.Release|Any CPU.Build.0 = Release|Any CPU
	EndGlobalSection
	GlobalSection(SolutionProperties) = preSolution
		HideSolutionNode = FALSE
	EndGlobalSection
	GlobalSection(ExtensibilityGlobals) = postSolution
		SolutionGuid = {733E5707-BF41-49DC-AB75-99B1B6203164}
	EndGlobalSection
EndGlobal
