
Microsoft Visual Studio Solution File, Format Version 12.00
# Visual Studio Version 17
VisualStudioVersion = 17.7.34221.43
MinimumVisualStudioVersion = 10.0.40219.1
Project("{FAE04EC0-301F-11D3-BF4B-00C04F79EFBC}") = "TrainguloMedida", "TrainguloMedida\TrainguloMedida.csproj", "{9123806B-F86C-4E91-8717-D9AEEB8FA7EC}"
EndProject
Global
	GlobalSection(SolutionConfigurationPlatforms) = preSolution
		Debug|Any CPU = Debug|Any CPU
		Release|Any CPU = Release|Any CPU
	EndGlobalSection
	GlobalSection(ProjectConfigurationPlatforms) = postSolution
		{9123806B-F86C-4E91-8717-D9AEEB8FA7EC}.Debug|Any CPU.ActiveCfg = Debug|Any CPU
		{9123806B-F86C-4E91-8717-D9AEEB8FA7EC}.Debug|Any CPU.Build.0 = Debug|Any CPU
		{9123806B-F86C-4E91-8717-D9AEEB8FA7EC}.Release|Any CPU.ActiveCfg = Release|Any CPU
		{9123806B-F86C-4E91-8717-D9AEEB8FA7EC}.Release|Any CPU.Build.0 = Release|Any CPU
	EndGlobalSection
	GlobalSection(SolutionProperties) = preSolution
		HideSolutionNode = FALSE
	EndGlobalSection
	GlobalSection(ExtensibilityGlobals) = postSolution
		SolutionGuid = {C67B57AD-F1AC-457E-B8FB-77FE1F05CB65}
	EndGlobalSection
EndGlobal
