
Microsoft Visual Studio Solution File, Format Version 12.00
# Visual Studio Version 17
VisualStudioVersion = 17.7.34221.43
MinimumVisualStudioVersion = 10.0.40219.1
Project("{FAE04EC0-301F-11D3-BF4B-00C04F79EFBC}") = "TrianguloMedida2", "TrianguloMedida2\TrianguloMedida2.csproj", "{CA0FC4B9-0756-46F8-84ED-6727DD2BDC6E}"
EndProject
Global
	GlobalSection(SolutionConfigurationPlatforms) = preSolution
		Debug|Any CPU = Debug|Any CPU
		Release|Any CPU = Release|Any CPU
	EndGlobalSection
	GlobalSection(ProjectConfigurationPlatforms) = postSolution
		{CA0FC4B9-0756-46F8-84ED-6727DD2BDC6E}.Debug|Any CPU.ActiveCfg = Debug|Any CPU
		{CA0FC4B9-0756-46F8-84ED-6727DD2BDC6E}.Debug|Any CPU.Build.0 = Debug|Any CPU
		{CA0FC4B9-0756-46F8-84ED-6727DD2BDC6E}.Release|Any CPU.ActiveCfg = Release|Any CPU
		{CA0FC4B9-0756-46F8-84ED-6727DD2BDC6E}.Release|Any CPU.Build.0 = Release|Any CPU
	EndGlobalSection
	GlobalSection(SolutionProperties) = preSolution
		HideSolutionNode = FALSE
	EndGlobalSection
	GlobalSection(ExtensibilityGlobals) = postSolution
		SolutionGuid = {898E56A3-2205-466D-805D-A81EB577B043}
	EndGlobalSection
EndGlobal
