
Microsoft Visual Studio Solution File, Format Version 12.00
# Visual Studio Version 17
VisualStudioVersion = 17.7.34031.279
MinimumVisualStudioVersion = 10.0.40219.1
Project("{FAE04EC0-301F-11D3-BF4B-00C04F79EFBC}") = "ConsoleApp3", "ConsoleApp3\ConsoleApp3.csproj", "{044074F7-5BDA-4BF6-A579-BDBF393C8B05}"
EndProject
Global
	GlobalSection(SolutionConfigurationPlatforms) = preSolution
		Debug|Any CPU = Debug|Any CPU
		Release|Any CPU = Release|Any CPU
	EndGlobalSection
	GlobalSection(ProjectConfigurationPlatforms) = postSolution
		{044074F7-5BDA-4BF6-A579-BDBF393C8B05}.Debug|Any CPU.ActiveCfg = Debug|Any CPU
		{044074F7-5BDA-4BF6-A579-BDBF393C8B05}.Debug|Any CPU.Build.0 = Debug|Any CPU
		{044074F7-5BDA-4BF6-A579-BDBF393C8B05}.Release|Any CPU.ActiveCfg = Release|Any CPU
		{044074F7-5BDA-4BF6-A579-BDBF393C8B05}.Release|Any CPU.Build.0 = Release|Any CPU
	EndGlobalSection
	GlobalSection(SolutionProperties) = preSolution
		HideSolutionNode = FALSE
	EndGlobalSection
	GlobalSection(ExtensibilityGlobals) = postSolution
		SolutionGuid = {73973F32-AD5D-4A92-A650-F79F691AFBC4}
	EndGlobalSection
EndGlobal
