
Microsoft Visual Studio Solution File, Format Version 12.00
# Visual Studio Version 17
VisualStudioVersion = 17.7.34031.279
MinimumVisualStudioVersion = 10.0.40219.1
Project("{FAE04EC0-301F-11D3-BF4B-00C04F79EFBC}") = "Ejercicio 1.ContactForm", "Ejercicio 1.ContactForm\Ejercicio 1.ContactForm.csproj", "{B3BEA7ED-3C0C-49E8-85AE-77410C84E647}"
EndProject
Global
	GlobalSection(SolutionConfigurationPlatforms) = preSolution
		Debug|Any CPU = Debug|Any CPU
		Release|Any CPU = Release|Any CPU
	EndGlobalSection
	GlobalSection(ProjectConfigurationPlatforms) = postSolution
		{B3BEA7ED-3C0C-49E8-85AE-77410C84E647}.Debug|Any CPU.ActiveCfg = Debug|Any CPU
		{B3BEA7ED-3C0C-49E8-85AE-77410C84E647}.Debug|Any CPU.Build.0 = Debug|Any CPU
		{B3BEA7ED-3C0C-49E8-85AE-77410C84E647}.Release|Any CPU.ActiveCfg = Release|Any CPU
		{B3BEA7ED-3C0C-49E8-85AE-77410C84E647}.Release|Any CPU.Build.0 = Release|Any CPU
	EndGlobalSection
	GlobalSection(SolutionProperties) = preSolution
		HideSolutionNode = FALSE
	EndGlobalSection
	GlobalSection(ExtensibilityGlobals) = postSolution
		SolutionGuid = {2709E4BD-C80B-4E80-BE98-F21D9EC92C79}
	EndGlobalSection
EndGlobal
